// !$*UTF8*$!
{
	archiveVersion = 1;
	classes = {
	};
	objectVersion = 46;
	objects = {

/* Begin PBXBuildFile section */
		AA4B628F1CBBE5EE007FB5B8 /* AppDelegate.swift in Sources */ = {isa = PBXBuildFile; fileRef = AA4B628E1CBBE5EE007FB5B8 /* AppDelegate.swift */; };
		AA4B62911CBBE5EE007FB5B8 /* ViewController.swift in Sources */ = {isa = PBXBuildFile; fileRef = AA4B62901CBBE5EE007FB5B8 /* ViewController.swift */; };
		AA4B62941CBBE5EE007FB5B8 /* Main.storyboard in Resources */ = {isa = PBXBuildFile; fileRef = AA4B62921CBBE5EE007FB5B8 /* Main.storyboard */; };
		AA4B62961CBBE5EE007FB5B8 /* Assets.xcassets in Resources */ = {isa = PBXBuildFile; fileRef = AA4B62951CBBE5EE007FB5B8 /* Assets.xcassets */; };
		AA4B62991CBBE5EE007FB5B8 /* LaunchScreen.storyboard in Resources */ = {isa = PBXBuildFile; fileRef = AA4B62971CBBE5EE007FB5B8 /* LaunchScreen.storyboard */; };
		AA4B62A41CBBE5EF007FB5B8 /* PickerTests.swift in Sources */ = {isa = PBXBuildFile; fileRef = AA4B62A31CBBE5EF007FB5B8 /* PickerTests.swift */; };
		AA4B62AF1CBBE5EF007FB5B8 /* PickerUITests.swift in Sources */ = {isa = PBXBuildFile; fileRef = AA4B62AE1CBBE5EF007FB5B8 /* PickerUITests.swift */; };
/* End PBXBuildFile section */

/* Begin PBXContainerItemProxy section */
		AA4B62A01CBBE5EF007FB5B8 /* PBXContainerItemProxy */ = {
			isa = PBXContainerItemProxy;
			containerPortal = AA4B62831CBBE5EE007FB5B8 /* Project object */;
			proxyType = 1;
			remoteGlobalIDString = AA4B628A1CBBE5EE007FB5B8;
			remoteInfo = Picker;
		};
		AA4B62AB1CBBE5EF007FB5B8 /* PBXContainerItemProxy */ = {
			isa = PBXContainerItemProxy;
			containerPortal = AA4B62831CBBE5EE007FB5B8 /* Project object */;
			proxyType = 1;
			remoteGlobalIDString = AA4B628A1CBBE5EE007FB5B8;
			remoteInfo = Picker;
		};
/* End PBXContainerItemProxy section */

/* Begin PBXFileReference section */
		AA4B628B1CBBE5EE007FB5B8 /* Picker.app */ = {isa = PBXFileReference; explicitFileType = wrapper.application; includeInIndex = 0; path = Picker.app; sourceTree = BUILT_PRODUCTS_DIR; };
		AA4B628E1CBBE5EE007FB5B8 /* AppDelegate.swift */ = {isa = PBXFileReference; lastKnownFileType = sourcecode.swift; path = AppDelegate.swift; sourceTree = "<group>"; };
		AA4B62901CBBE5EE007FB5B8 /* ViewController.swift */ = {isa = PBXFileReference; lastKnownFileType = sourcecode.swift; path = ViewController.swift; sourceTree = "<group>"; };
		AA4B62931CBBE5EE007FB5B8 /* Base */ = {isa = PBXFileReference; lastKnownFileType = file.storyboard; name = Base; path = Base.lproj/Main.storyboard; sourceTree = "<group>"; };
		AA4B62951CBBE5EE007FB5B8 /* Assets.xcassets */ = {isa = PBXFileReference; lastKnownFileType = folder.assetcatalog; path = Assets.xcassets; sourceTree = "<group>"; };
		AA4B62981CBBE5EE007FB5B8 /* Base */ = {isa = PBXFileReference; lastKnownFileType = file.storyboard; name = Base; path = Base.lproj/LaunchScreen.storyboard; sourceTree = "<group>"; };
		AA4B629A1CBBE5EE007FB5B8 /* Info.plist */ = {isa = PBXFileReference; lastKnownFileType = text.plist.xml; path = Info.plist; sourceTree = "<group>"; };
		AA4B629F1CBBE5EF007FB5B8 /* PickerTests.xctest */ = {isa = PBXFileReference; explicitFileType = wrapper.cfbundle; includeInIndex = 0; path = PickerTests.xctest; sourceTree = BUILT_PRODUCTS_DIR; };
		AA4B62A31CBBE5EF007FB5B8 /* PickerTests.swift */ = {isa = PBXFileReference; lastKnownFileType = sourcecode.swift; path = PickerTests.swift; sourceTree = "<group>"; };
		AA4B62A51CBBE5EF007FB5B8 /* Info.plist */ = {isa = PBXFileReference; lastKnownFileType = text.plist.xml; path = Info.plist; sourceTree = "<group>"; };
		AA4B62AA1CBBE5EF007FB5B8 /* PickerUITests.xctest */ = {isa = PBXFileReference; explicitFileType = wrapper.cfbundle; includeInIndex = 0; path = PickerUITests.xctest; sourceTree = BUILT_PRODUCTS_DIR; };
		AA4B62AE1CBBE5EF007FB5B8 /* PickerUITests.swift */ = {isa = PBXFileReference; lastKnownFileType = sourcecode.swift; path = PickerUITests.swift; sourceTree = "<group>"; };
		AA4B62B01CBBE5EF007FB5B8 /* Info.plist */ = {isa = PBXFileReference; lastKnownFileType = text.plist.xml; path = Info.plist; sourceTree = "<group>"; };
/* End PBXFileReference section */

/* Begin PBXFrameworksBuildPhase section */
		AA4B62881CBBE5EE007FB5B8 /* Frameworks */ = {
			isa = PBXFrameworksBuildPhase;
			buildActionMask = 2147483647;
			files = (
			);
			runOnlyForDeploymentPostprocessing = 0;
		};
		AA4B629C1CBBE5EF007FB5B8 /* Frameworks */ = {
			isa = PBXFrameworksBuildPhase;
			buildActionMask = 2147483647;
			files = (
			);
			runOnlyForDeploymentPostprocessing = 0;
		};
		AA4B62A71CBBE5EF007FB5B8 /* Frameworks */ = {
			isa = PBXFrameworksBuildPhase;
			buildActionMask = 2147483647;
			files = (
			);
			runOnlyForDeploymentPostprocessing = 0;
		};
/* End PBXFrameworksBuildPhase section */

/* Begin PBXGroup section */
		AA4B62821CBBE5EE007FB5B8 = {
			isa = PBXGroup;
			children = (
				AA4B628D1CBBE5EE007FB5B8 /* Picker */,
				AA4B62A21CBBE5EF007FB5B8 /* PickerTests */,
				AA4B62AD1CBBE5EF007FB5B8 /* PickerUITests */,
				AA4B628C1CBBE5EE007FB5B8 /* Products */,
			);
			sourceTree = "<group>";
		};
		AA4B628C1CBBE5EE007FB5B8 /* Products */ = {
			isa = PBXGroup;
			children = (
				AA4B628B1CBBE5EE007FB5B8 /* Picker.app */,
				AA4B629F1CBBE5EF007FB5B8 /* PickerTests.xctest */,
				AA4B62AA1CBBE5EF007FB5B8 /* PickerUITests.xctest */,
			);
			name = Products;
			sourceTree = "<group>";
		};
		AA4B628D1CBBE5EE007FB5B8 /* Picker */ = {
			isa = PBXGroup;
			children = (
				AA4B628E1CBBE5EE007FB5B8 /* AppDelegate.swift */,
				AA4B62901CBBE5EE007FB5B8 /* ViewController.swift */,
				AA4B62921CBBE5EE007FB5B8 /* Main.storyboard */,
				AA4B62951CBBE5EE007FB5B8 /* Assets.xcassets */,
				AA4B62971CBBE5EE007FB5B8 /* LaunchScreen.storyboard */,
				AA4B629A1CBBE5EE007FB5B8 /* Info.plist */,
			);
			path = Picker;
			sourceTree = "<group>";
		};
		AA4B62A21CBBE5EF007FB5B8 /* PickerTests */ = {
			isa = PBXGroup;
			children = (
				AA4B62A31CBBE5EF007FB5B8 /* PickerTests.swift */,
				AA4B62A51CBBE5EF007FB5B8 /* Info.plist */,
			);
			path = PickerTests;
			sourceTree = "<group>";
		};
		AA4B62AD1CBBE5EF007FB5B8 /* PickerUITests */ = {
			isa = PBXGroup;
			children = (
				AA4B62AE1CBBE5EF007FB5B8 /* PickerUITests.swift */,
				AA4B62B01CBBE5EF007FB5B8 /* Info.plist */,
			);
			path = PickerUITests;
			sourceTree = "<group>";
		};
/* End PBXGroup section */

/* Begin PBXNativeTarget section */
		AA4B628A1CBBE5EE007FB5B8 /* Picker */ = {
			isa = PBXNativeTarget;
			buildConfigurationList = AA4B62B31CBBE5EF007FB5B8 /* Build configuration list for PBXNativeTarget "Picker" */;
			buildPhases = (
				AA4B62871CBBE5EE007FB5B8 /* Sources */,
				AA4B62881CBBE5EE007FB5B8 /* Frameworks */,
				AA4B62891CBBE5EE007FB5B8 /* Resources */,
			);
			buildRules = (
			);
			dependencies = (
			);
			name = Picker;
			productName = Picker;
			productReference = AA4B628B1CBBE5EE007FB5B8 /* Picker.app */;
			productType = "com.apple.product-type.application";
		};
		AA4B629E1CBBE5EF007FB5B8 /* PickerTests */ = {
			isa = PBXNativeTarget;
			buildConfigurationList = AA4B62B61CBBE5EF007FB5B8 /* Build configuration list for PBXNativeTarget "PickerTests" */;
			buildPhases = (
				AA4B629B1CBBE5EF007FB5B8 /* Sources */,
				AA4B629C1CBBE5EF007FB5B8 /* Frameworks */,
				AA4B629D1CBBE5EF007FB5B8 /* Resources */,
			);
			buildRules = (
			);
			dependencies = (
				AA4B62A11CBBE5EF007FB5B8 /* PBXTargetDependency */,
			);
			name = PickerTests;
			productName = PickerTests;
			productReference = AA4B629F1CBBE5EF007FB5B8 /* PickerTests.xctest */;
			productType = "com.apple.product-type.bundle.unit-test";
		};
		AA4B62A91CBBE5EF007FB5B8 /* PickerUITests */ = {
			isa = PBXNativeTarget;
			buildConfigurationList = AA4B62B91CBBE5EF007FB5B8 /* Build configuration list for PBXNativeTarget "PickerUITests" */;
			buildPhases = (
				AA4B62A61CBBE5EF007FB5B8 /* Sources */,
				AA4B62A71CBBE5EF007FB5B8 /* Frameworks */,
				AA4B62A81CBBE5EF007FB5B8 /* Resources */,
			);
			buildRules = (
			);
			dependencies = (
				AA4B62AC1CBBE5EF007FB5B8 /* PBXTargetDependency */,
			);
			name = PickerUITests;
			productName = PickerUITests;
			productReference = AA4B62AA1CBBE5EF007FB5B8 /* PickerUITests.xctest */;
			productType = "com.apple.product-type.bundle.ui-testing";
		};
/* End PBXNativeTarget section */

/* Begin PBXProject section */
		AA4B62831CBBE5EE007FB5B8 /* Project object */ = {
			isa = PBXProject;
			attributes = {
				LastSwiftUpdateCheck = 0720;
				LastUpgradeCheck = 0720;
				ORGANIZATIONNAME = "Yu Ma";
				TargetAttributes = {
					AA4B628A1CBBE5EE007FB5B8 = {
						CreatedOnToolsVersion = 7.2.1;
					};
					AA4B629E1CBBE5EF007FB5B8 = {
						CreatedOnToolsVersion = 7.2.1;
						TestTargetID = AA4B628A1CBBE5EE007FB5B8;
					};
					AA4B62A91CBBE5EF007FB5B8 = {
						CreatedOnToolsVersion = 7.2.1;
						TestTargetID = AA4B628A1CBBE5EE007FB5B8;
					};
				};
			};
			buildConfigurationList = AA4B62861CBBE5EE007FB5B8 /* Build configuration list for PBXProject "Picker" */;
			compatibilityVersion = "Xcode 3.2";
			developmentRegion = English;
			hasScannedForEncodings = 0;
			knownRegions = (
				en,
				Base,
			);
			mainGroup = AA4B62821CBBE5EE007FB5B8;
			productRefGroup = AA4B628C1CBBE5EE007FB5B8 /* Products */;
			projectDirPath = "";
			projectRoot = "";
			targets = (
				AA4B628A1CBBE5EE007FB5B8 /* Picker */,
				AA4B629E1CBBE5EF007FB5B8 /* PickerTests */,
				AA4B62A91CBBE5EF007FB5B8 /* PickerUITests */,
			);
		};
/* End PBXProject section */

/* Begin PBXResourcesBuildPhase section */
		AA4B62891CBBE5EE007FB5B8 /* Resources */ = {
			isa = PBXResourcesBuildPhase;
			buildActionMask = 2147483647;
			files = (
				AA4B62991CBBE5EE007FB5B8 /* LaunchScreen.storyboard in Resources */,
				AA4B62961CBBE5EE007FB5B8 /* Assets.xcassets in Resources */,
				AA4B62941CBBE5EE007FB5B8 /* Main.storyboard in Resources */,
			);
			runOnlyForDeploymentPostprocessing = 0;
		};
		AA4B629D1CBBE5EF007FB5B8 /* Resources */ = {
			isa = PBXResourcesBuildPhase;
			buildActionMask = 2147483647;
			files = (
			);
			runOnlyForDeploymentPostprocessing = 0;
		};
		AA4B62A81CBBE5EF007FB5B8 /* Resources */ = {
			isa = PBXResourcesBuildPhase;
			buildActionMask = 2147483647;
			files = (
			);
			runOnlyForDeploymentPostprocessing = 0;
		};
/* End PBXResourcesBuildPhase section */

/* Begin PBXSourcesBuildPhase section */
		AA4B62871CBBE5EE007FB5B8 /* Sources */ = {
			isa = PBXSourcesBuildPhase;
			buildActionMask = 2147483647;
			files = (
				AA4B62911CBBE5EE007FB5B8 /* ViewController.swift in Sources */,
				AA4B628F1CBBE5EE007FB5B8 /* AppDelegate.swift in Sources */,
			);
			runOnlyForDeploymentPostprocessing = 0;
		};
		AA4B629B1CBBE5EF007FB5B8 /* Sources */ = {
			isa = PBXSourcesBuildPhase;
			buildActionMask = 2147483647;
			files = (
				AA4B62A41CBBE5EF007FB5B8 /* PickerTests.swift in Sources */,
			);
			runOnlyForDeploymentPostprocessing = 0;
		};
		AA4B62A61CBBE5EF007FB5B8 /* Sources */ = {
			isa = PBXSourcesBuildPhase;
			buildActionMask = 2147483647;
			files = (
				AA4B62AF1CBBE5EF007FB5B8 /* PickerUITests.swift in Sources */,
			);
			runOnlyForDeploymentPostprocessing = 0;
		};
/* End PBXSourcesBuildPhase section */

/* Begin PBXTargetDependency section */
		AA4B62A11CBBE5EF007FB5B8 /* PBXTargetDependency */ = {
			isa = PBXTargetDependency;
			target = AA4B628A1CBBE5EE007FB5B8 /* Picker */;
			targetProxy = AA4B62A01CBBE5EF007FB5B8 /* PBXContainerItemProxy */;
		};
		AA4B62AC1CBBE5EF007FB5B8 /* PBXTargetDependency */ = {
			isa = PBXTargetDependency;
			target = AA4B628A1CBBE5EE007FB5B8 /* Picker */;
			targetProxy = AA4B62AB1CBBE5EF007FB5B8 /* PBXContainerItemProxy */;
		};
/* End PBXTargetDependency section */

/* Begin PBXVariantGroup section */
		AA4B62921CBBE5EE007FB5B8 /* Main.storyboard */ = {
			isa = PBXVariantGroup;
			children = (
				AA4B62931CBBE5EE007FB5B8 /* Base */,
			);
			name = Main.storyboard;
			sourceTree = "<group>";
		};
		AA4B62971CBBE5EE007FB5B8 /* LaunchScreen.storyboard */ = {
			isa = PBXVariantGroup;
			children = (
				AA4B62981CBBE5EE007FB5B8 /* Base */,
			);
			name = LaunchScreen.storyboard;
			sourceTree = "<group>";
		};
/* End PBXVariantGroup section */

/* Begin XCBuildConfiguration section */
		AA4B62B11CBBE5EF007FB5B8 /* Debug */ = {
			isa = XCBuildConfiguration;
			buildSettings = {
				ALWAYS_SEARCH_USER_PATHS = NO;
				CLANG_CXX_LANGUAGE_STANDARD = "gnu++0x";
				CLANG_CXX_LIBRARY = "libc++";
				CLANG_ENABLE_MODULES = YES;
				CLANG_ENABLE_OBJC_ARC = YES;
				CLANG_WARN_BOOL_CONVERSION = YES;
				CLANG_WARN_CONSTANT_CONVERSION = YES;
				CLANG_WARN_DIRECT_OBJC_ISA_USAGE = YES_ERROR;
				CLANG_WARN_EMPTY_BODY = YES;
				CLANG_WARN_ENUM_CONVERSION = YES;
				CLANG_WARN_INT_CONVERSION = YES;
				CLANG_WARN_OBJC_ROOT_CLASS = YES_ERROR;
				CLANG_WARN_UNREACHABLE_CODE = YES;
				CLANG_WARN__DUPLICATE_METHOD_MATCH = YES;
				"CODE_SIGN_IDENTITY[sdk=iphoneos*]" = "iPhone Developer";
				COPY_PHASE_STRIP = NO;
				DEBUG_INFORMATION_FORMAT = dwarf;
				ENABLE_STRICT_OBJC_MSGSEND = YES;
				ENABLE_TESTABILITY = YES;
				GCC_C_LANGUAGE_STANDARD = gnu99;
				GCC_DYNAMIC_NO_PIC = NO;
				GCC_NO_COMMON_BLOCKS = YES;
				GCC_OPTIMIZATION_LEVEL = 0;
				GCC_PREPROCESSOR_DEFINITIONS = (
					"DEBUG=1",
					"$(inherited)",
				);
				GCC_WARN_64_TO_32_BIT_CONVERSION = YES;
				GCC_WARN_ABOUT_RETURN_TYPE = YES_ERROR;
				GCC_WARN_UNDECLARED_SELECTOR = YES;
				GCC_WARN_UNINITIALIZED_AUTOS = YES_AGGRESSIVE;
				GCC_WARN_UNUSED_FUNCTION = YES;
				GCC_WARN_UNUSED_VARIABLE = YES;
				IPHONEOS_DEPLOYMENT_TARGET = 9.2;
				MTL_ENABLE_DEBUG_INFO = YES;
				ONLY_ACTIVE_ARCH = YES;
				SDKROOT = iphoneos;
				SWIFT_OPTIMIZATION_LEVEL = "-Onone";
				TARGETED_DEVICE_FAMILY = "1,2";
			};
			name = Debug;
		};
		AA4B62B21CBBE5EF007FB5B8 /* Release */ = {
			isa = XCBuildConfiguration;
			buildSettings = {
				ALWAYS_SEARCH_USER_PATHS = NO;
				CLANG_CXX_LANGUAGE_STANDARD = "gnu++0x";
				CLANG_CXX_LIBRARY = "libc++";
				CLANG_ENABLE_MODULES = YES;
				CLANG_ENABLE_OBJC_ARC = YES;
				CLANG_WARN_BOOL_CONVERSION = YES;
				CLANG_WARN_CONSTANT_CONVERSION = YES;
				CLANG_WARN_DIRECT_OBJC_ISA_USAGE = YES_ERROR;
				CLANG_WARN_EMPTY_BODY = YES;
				CLANG_WARN_ENUM_CONVERSION = YES;
				CLANG_WARN_INT_CONVERSION = YES;
				CLANG_WARN_OBJC_ROOT_CLASS = YES_ERROR;
				CLANG_WARN_UNREACHABLE_CODE = YES;
				CLANG_WARN__DUPLICATE_METHOD_MATCH = YES;
				"CODE_SIGN_IDENTITY[sdk=iphoneos*]" = "iPhone Developer";
				COPY_PHASE_STRIP = NO;
				DEBUG_INFORMATION_FORMAT = "dwarf-with-dsym";
				ENABLE_NS_ASSERTIONS = NO;
				ENABLE_STRICT_OBJC_MSGSEND = YES;
				GCC_C_LANGUAGE_STANDARD = gnu99;
				GCC_NO_COMMON_BLOCKS = YES;
				GCC_WARN_64_TO_32_BIT_CONVERSION = YES;
				GCC_WARN_ABOUT_RETURN_TYPE = YES_ERROR;
				GCC_WARN_UNDECLARED_SELECTOR = YES;
				GCC_WARN_UNINITIALIZED_AUTOS = YES_AGGRESSIVE;
				GCC_WARN_UNUSED_FUNCTION = YES;
				GCC_WARN_UNUSED_VARIABLE = YES;
				IPHONEOS_DEPLOYMENT_TARGET = 9.2;
				MTL_ENABLE_DEBUG_INFO = NO;
				SDKROOT = iphoneos;
				TARGETED_DEVICE_FAMILY = "1,2";
				VALIDATE_PRODUCT = YES;
			};
			name = Release;
		};
		AA4B62B41CBBE5EF007FB5B8 /* Debug */ = {
			isa = XCBuildConfiguration;
			buildSettings = {
				ASSETCATALOG_COMPILER_APPICON_NAME = AppIcon;
				INFOPLIST_FILE = Picker/Info.plist;
				LD_RUNPATH_SEARCH_PATHS = "$(inherited) @executable_path/Frameworks";
				PRODUCT_BUNDLE_IDENTIFIER = "-.Picker";
				PRODUCT_NAME = "$(TARGET_NAME)";
			};
			name = Debug;
		};
		AA4B62B51CBBE5EF007FB5B8 /* Release */ = {
			isa = XCBuildConfiguration;
			buildSettings = {
				ASSETCATALOG_COMPILER_APPICON_NAME = AppIcon;
				INFOPLIST_FILE = Picker/Info.plist;
				LD_RUNPATH_SEARCH_PATHS = "$(inherited) @executable_path/Frameworks";
				PRODUCT_BUNDLE_IDENTIFIER = "-.Picker";
				PRODUCT_NAME = "$(TARGET_NAME)";
			};
			name = Release;
		};
		AA4B62B71CBBE5EF007FB5B8 /* Debug */ = {
			isa = XCBuildConfiguration;
			buildSettings = {
				BUNDLE_LOADER = "$(TEST_HOST)";
				INFOPLIST_FILE = PickerTests/Info.plist;
				LD_RUNPATH_SEARCH_PATHS = "$(inherited) @executable_path/Frameworks @loader_path/Frameworks";
				PRODUCT_BUNDLE_IDENTIFIER = "-.PickerTests";
				PRODUCT_NAME = "$(TARGET_NAME)";
				TEST_HOST = "$(BUILT_PRODUCTS_DIR)/Picker.app/Picker";
			};
			name = Debug;
		};
		AA4B62B81CBBE5EF007FB5B8 /* Release */ = {
			isa = XCBuildConfiguration;
			buildSettings = {
				BUNDLE_LOADER = "$(TEST_HOST)";
				INFOPLIST_FILE = PickerTests/Info.plist;
				LD_RUNPATH_SEARCH_PATHS = "$(inherited) @executable_path/Frameworks @loader_path/Frameworks";
				PRODUCT_BUNDLE_IDENTIFIER = "-.PickerTests";
				PRODUCT_NAME = "$(TARGET_NAME)";
				TEST_HOST = "$(BUILT_PRODUCTS_DIR)/Picker.app/Picker";
			};
			name = Release;
		};
		AA4B62BA1CBBE5EF007FB5B8 /* Debug */ = {
			isa = XCBuildConfiguration;
			buildSettings = {
				INFOPLIST_FILE = PickerUITests/Info.plist;
				LD_RUNPATH_SEARCH_PATHS = "$(inherited) @executable_path/Frameworks @loader_path/Frameworks";
				PRODUCT_BUNDLE_IDENTIFIER = "-.PickerUITests";
				PRODUCT_NAME = "$(TARGET_NAME)";
				TEST_TARGET_NAME = Picker;
				USES_XCTRUNNER = YES;
			};
			name = Debug;
		};
		AA4B62BB1CBBE5EF007FB5B8 /* Release */ = {
			isa = XCBuildConfiguration;
			buildSettings = {
				INFOPLIST_FILE = PickerUITests/Info.plist;
				LD_RUNPATH_SEARCH_PATHS = "$(inherited) @executable_path/Frameworks @loader_path/Frameworks";
				PRODUCT_BUNDLE_IDENTIFIER = "-.PickerUITests";
				PRODUCT_NAME = "$(TARGET_NAME)";
				TEST_TARGET_NAME = Picker;
				USES_XCTRUNNER = YES;
			};
			name = Release;
		};
/* End XCBuildConfiguration section */

/* Begin XCConfigurationList section */
		AA4B62861CBBE5EE007FB5B8 /* Build configuration list for PBXProject "Picker" */ = {
			isa = XCConfigurationList;
			buildConfigurations = (
				AA4B62B11CBBE5EF007FB5B8 /* Debug */,
				AA4B62B21CBBE5EF007FB5B8 /* Release */,
			);
			defaultConfigurationIsVisible = 0;
			defaultConfigurationName = Release;
		};
		AA4B62B31CBBE5EF007FB5B8 /* Build configuration list for PBXNativeTarget "Picker" */ = {
			isa = XCConfigurationList;
			buildConfigurations = (
				AA4B62B41CBBE5EF007FB5B8 /* Debug */,
				AA4B62B51CBBE5EF007FB5B8 /* Release */,
			);
			defaultConfigurationIsVisible = 0;
		};
		AA4B62B61CBBE5EF007FB5B8 /* Build configuration list for PBXNativeTarget "PickerTests" */ = {
			isa = XCConfigurationList;
			buildConfigurations = (
				AA4B62B71CBBE5EF007FB5B8 /* Debug */,
				AA4B62B81CBBE5EF007FB5B8 /* Release */,
			);
			defaultConfigurationIsVisible = 0;
		};
		AA4B62B91CBBE5EF007FB5B8 /* Build configuration list for PBXNativeTarget "PickerUITests" */ = {
			isa = XCConfigurationList;
			buildConfigurations = (
				AA4B62BA1CBBE5EF007FB5B8 /* Debug */,
				AA4B62BB1CBBE5EF007FB5B8 /* Release */,
			);
			defaultConfigurationIsVisible = 0;
		};
/* End XCConfigurationList section */
	};
	rootObject = AA4B62831CBBE5EE007FB5B8 /* Project object */;
}
